
Microsoft Visual Studio Solution File, Format Version 12.00
# Visual Studio Version 16
VisualStudioVersion = 16.0.30804.86
MinimumVisualStudioVersion = 10.0.40219.1
Project("{FAE04EC0-301F-11D3-BF4B-00C04F79EFBC}") = "Employment_advertisement_project", "Employment_advertisement_project.csproj", "{20DC91FE-C4A6-4458-BFE8-6A30FCFC9AC7}"
EndProject
Global
	GlobalSection(SolutionConfigurationPlatforms) = preSolution
		Debug|Any CPU = Debug|Any CPU
		Release|Any CPU = Release|Any CPU
	EndGlobalSection
	GlobalSection(ProjectConfigurationPlatforms) = postSolution
		{20DC91FE-C4A6-4458-BFE8-6A30FCFC9AC7}.Debug|Any CPU.ActiveCfg = Debug|Any CPU
		{20DC91FE-C4A6-4458-BFE8-6A30FCFC9AC7}.Debug|Any CPU.Build.0 = Debug|Any CPU
		{20DC91FE-C4A6-4458-BFE8-6A30FCFC9AC7}.Release|Any CPU.ActiveCfg = Release|Any CPU
		{20DC91FE-C4A6-4458-BFE8-6A30FCFC9AC7}.Release|Any CPU.Build.0 = Release|Any CPU
	EndGlobalSection
	GlobalSection(SolutionProperties) = preSolution
		HideSolutionNode = FALSE
	EndGlobalSection
	GlobalSection(ExtensibilityGlobals) = postSolution
		SolutionGuid = {30653944-2101-4F56-84F9-88AC741AC8F9}
	EndGlobalSection
EndGlobal
